
Microsoft Visual Studio Solution File, Format Version 12.00
# Visual Studio Version 16
VisualStudioVersion = 16.0.32106.194
MinimumVisualStudioVersion = 10.0.40219.1
Project("{FAE04EC0-301F-11D3-BF4B-00C04F79EFBC}") = "UserRegistrationUsingLambda", "UserRegistrationUsingLambda.csproj", "{5D30A6C0-F42B-4022-906C-D0B7E425C842}"
EndProject
Global
	GlobalSection(SolutionConfigurationPlatforms) = preSolution
		Debug|Any CPU = Debug|Any CPU
		Release|Any CPU = Release|Any CPU
	EndGlobalSection
	GlobalSection(ProjectConfigurationPlatforms) = postSolution
		{5D30A6C0-F42B-4022-906C-D0B7E425C842}.Debug|Any CPU.ActiveCfg = Debug|Any CPU
		{5D30A6C0-F42B-4022-906C-D0B7E425C842}.Debug|Any CPU.Build.0 = Debug|Any CPU
		{5D30A6C0-F42B-4022-906C-D0B7E425C842}.Release|Any CPU.ActiveCfg = Release|Any CPU
		{5D30A6C0-F42B-4022-906C-D0B7E425C842}.Release|Any CPU.Build.0 = Release|Any CPU
	EndGlobalSection
	GlobalSection(SolutionProperties) = preSolution
		HideSolutionNode = FALSE
	EndGlobalSection
	GlobalSection(ExtensibilityGlobals) = postSolution
		SolutionGuid = {8594847C-C013-45F1-B296-DFBC8004B1C4}
	EndGlobalSection
EndGlobal
